
Microsoft Visual Studio Solution File, Format Version 12.00
# Visual Studio Version 17
VisualStudioVersion = 17.0.31903.59
MinimumVisualStudioVersion = 10.0.40219.1
Project("{9A19103F-16F7-4668-BE54-9A1E7A4F7556}") = "Cubist.Helium", "Cubist.Helium\Cubist.Helium.csproj", "{70685E5A-B855-44BD-B9A6-59B01C15C4B0}"
EndProject
Project("{FAE04EC0-301F-11D3-BF4B-00C04F79EFBC}") = "Cubist.Helium.Tests", "Cubist.Helium.Tests\Cubist.Helium.Tests.csproj", "{66EBC50A-9B50-4289-BF06-D11D5F03D476}"
EndProject
Global
	GlobalSection(SolutionConfigurationPlatforms) = preSolution
		Debug|Any CPU = Debug|Any CPU
		Release|Any CPU = Release|Any CPU
	EndGlobalSection
	GlobalSection(ProjectConfigurationPlatforms) = postSolution
		{70685E5A-B855-44BD-B9A6-59B01C15C4B0}.Debug|Any CPU.ActiveCfg = Debug|Any CPU
		{70685E5A-B855-44BD-B9A6-59B01C15C4B0}.Debug|Any CPU.Build.0 = Debug|Any CPU
		{70685E5A-B855-44BD-B9A6-59B01C15C4B0}.Release|Any CPU.ActiveCfg = Release|Any CPU
		{70685E5A-B855-44BD-B9A6-59B01C15C4B0}.Release|Any CPU.Build.0 = Release|Any CPU
		{66EBC50A-9B50-4289-BF06-D11D5F03D476}.Debug|Any CPU.ActiveCfg = Debug|Any CPU
		{66EBC50A-9B50-4289-BF06-D11D5F03D476}.Debug|Any CPU.Build.0 = Debug|Any CPU
		{66EBC50A-9B50-4289-BF06-D11D5F03D476}.Release|Any CPU.ActiveCfg = Release|Any CPU
		{66EBC50A-9B50-4289-BF06-D11D5F03D476}.Release|Any CPU.Build.0 = Release|Any CPU
	EndGlobalSection
	GlobalSection(SolutionProperties) = preSolution
		HideSolutionNode = FALSE
	EndGlobalSection
EndGlobal
